
Microsoft Visual Studio Solution File, Format Version 12.00
# Visual Studio Version 17
VisualStudioVersion = 17.5.33414.496
MinimumVisualStudioVersion = 10.0.40219.1
Project("{FAE04EC0-301F-11D3-BF4B-00C04F79EFBC}") = "OOPsProblemStatement1", "OOPsProblemStatement1.csproj", "{81F137FD-EE84-4F4A-89AA-FF2BBF5A2FDB}"
EndProject
Global
	GlobalSection(SolutionConfigurationPlatforms) = preSolution
		Debug|Any CPU = Debug|Any CPU
		Release|Any CPU = Release|Any CPU
	EndGlobalSection
	GlobalSection(ProjectConfigurationPlatforms) = postSolution
		{81F137FD-EE84-4F4A-89AA-FF2BBF5A2FDB}.Debug|Any CPU.ActiveCfg = Debug|Any CPU
		{81F137FD-EE84-4F4A-89AA-FF2BBF5A2FDB}.Debug|Any CPU.Build.0 = Debug|Any CPU
		{81F137FD-EE84-4F4A-89AA-FF2BBF5A2FDB}.Release|Any CPU.ActiveCfg = Release|Any CPU
		{81F137FD-EE84-4F4A-89AA-FF2BBF5A2FDB}.Release|Any CPU.Build.0 = Release|Any CPU
	EndGlobalSection
	GlobalSection(SolutionProperties) = preSolution
		HideSolutionNode = FALSE
	EndGlobalSection
	GlobalSection(ExtensibilityGlobals) = postSolution
		SolutionGuid = {53400B91-99E8-496B-B219-A698D4857100}
	EndGlobalSection
EndGlobal
